
Microsoft Visual Studio Solution File, Format Version 12.00
# Visual Studio Version 17
VisualStudioVersion = 17.9.34728.123
MinimumVisualStudioVersion = 10.0.40219.1
Project("{FAE04EC0-301F-11D3-BF4B-00C04F79EFBC}") = "Exerc33", "Exerc33.csproj", "{11A59468-9BF8-4B14-958E-1620A4D67D1E}"
EndProject
Global
	GlobalSection(SolutionConfigurationPlatforms) = preSolution
		Debug|Any CPU = Debug|Any CPU
		Release|Any CPU = Release|Any CPU
	EndGlobalSection
	GlobalSection(ProjectConfigurationPlatforms) = postSolution
		{11A59468-9BF8-4B14-958E-1620A4D67D1E}.Debug|Any CPU.ActiveCfg = Debug|Any CPU
		{11A59468-9BF8-4B14-958E-1620A4D67D1E}.Debug|Any CPU.Build.0 = Debug|Any CPU
		{11A59468-9BF8-4B14-958E-1620A4D67D1E}.Release|Any CPU.ActiveCfg = Release|Any CPU
		{11A59468-9BF8-4B14-958E-1620A4D67D1E}.Release|Any CPU.Build.0 = Release|Any CPU
	EndGlobalSection
	GlobalSection(SolutionProperties) = preSolution
		HideSolutionNode = FALSE
	EndGlobalSection
	GlobalSection(ExtensibilityGlobals) = postSolution
		SolutionGuid = {AE1F6FE0-5F63-4326-827F-F62F27E576A6}
	EndGlobalSection
EndGlobal
