
Microsoft Visual Studio Solution File, Format Version 12.00
# Visual Studio Version 17
VisualStudioVersion = 17.9.34728.123
MinimumVisualStudioVersion = 10.0.40219.1
Project("{FAE04EC0-301F-11D3-BF4B-00C04F79EFBC}") = "Exerc25", "Exerc25.csproj", "{639C5A9C-A799-4A02-AA6A-649507C5184B}"
EndProject
Global
	GlobalSection(SolutionConfigurationPlatforms) = preSolution
		Debug|Any CPU = Debug|Any CPU
		Release|Any CPU = Release|Any CPU
	EndGlobalSection
	GlobalSection(ProjectConfigurationPlatforms) = postSolution
		{639C5A9C-A799-4A02-AA6A-649507C5184B}.Debug|Any CPU.ActiveCfg = Debug|Any CPU
		{639C5A9C-A799-4A02-AA6A-649507C5184B}.Debug|Any CPU.Build.0 = Debug|Any CPU
		{639C5A9C-A799-4A02-AA6A-649507C5184B}.Release|Any CPU.ActiveCfg = Release|Any CPU
		{639C5A9C-A799-4A02-AA6A-649507C5184B}.Release|Any CPU.Build.0 = Release|Any CPU
	EndGlobalSection
	GlobalSection(SolutionProperties) = preSolution
		HideSolutionNode = FALSE
	EndGlobalSection
	GlobalSection(ExtensibilityGlobals) = postSolution
		SolutionGuid = {0CD1C399-0EBE-4106-9DF7-2CF4C54D0B9D}
	EndGlobalSection
EndGlobal
