
Microsoft Visual Studio Solution File, Format Version 12.00
# Visual Studio Version 17
VisualStudioVersion = 17.9.34728.123
MinimumVisualStudioVersion = 10.0.40219.1
Project("{FAE04EC0-301F-11D3-BF4B-00C04F79EFBC}") = "Exerc32", "Exerc32.csproj", "{32BE28BA-B2B8-42AA-B3BC-4B346090FBBF}"
EndProject
Global
	GlobalSection(SolutionConfigurationPlatforms) = preSolution
		Debug|Any CPU = Debug|Any CPU
		Release|Any CPU = Release|Any CPU
	EndGlobalSection
	GlobalSection(ProjectConfigurationPlatforms) = postSolution
		{32BE28BA-B2B8-42AA-B3BC-4B346090FBBF}.Debug|Any CPU.ActiveCfg = Debug|Any CPU
		{32BE28BA-B2B8-42AA-B3BC-4B346090FBBF}.Debug|Any CPU.Build.0 = Debug|Any CPU
		{32BE28BA-B2B8-42AA-B3BC-4B346090FBBF}.Release|Any CPU.ActiveCfg = Release|Any CPU
		{32BE28BA-B2B8-42AA-B3BC-4B346090FBBF}.Release|Any CPU.Build.0 = Release|Any CPU
	EndGlobalSection
	GlobalSection(SolutionProperties) = preSolution
		HideSolutionNode = FALSE
	EndGlobalSection
	GlobalSection(ExtensibilityGlobals) = postSolution
		SolutionGuid = {02549766-A4B4-4137-AF5D-9BAEE8CE4438}
	EndGlobalSection
EndGlobal
