
Microsoft Visual Studio Solution File, Format Version 12.00
# Visual Studio Version 17
VisualStudioVersion = 17.9.34728.123
MinimumVisualStudioVersion = 10.0.40219.1
Project("{FAE04EC0-301F-11D3-BF4B-00C04F79EFBC}") = "Exerc9", "Exerc9.csproj", "{AA4DE84E-02EF-4E62-BEB6-F82A80D8A490}"
EndProject
Global
	GlobalSection(SolutionConfigurationPlatforms) = preSolution
		Debug|Any CPU = Debug|Any CPU
		Release|Any CPU = Release|Any CPU
	EndGlobalSection
	GlobalSection(ProjectConfigurationPlatforms) = postSolution
		{AA4DE84E-02EF-4E62-BEB6-F82A80D8A490}.Debug|Any CPU.ActiveCfg = Debug|Any CPU
		{AA4DE84E-02EF-4E62-BEB6-F82A80D8A490}.Debug|Any CPU.Build.0 = Debug|Any CPU
		{AA4DE84E-02EF-4E62-BEB6-F82A80D8A490}.Release|Any CPU.ActiveCfg = Release|Any CPU
		{AA4DE84E-02EF-4E62-BEB6-F82A80D8A490}.Release|Any CPU.Build.0 = Release|Any CPU
	EndGlobalSection
	GlobalSection(SolutionProperties) = preSolution
		HideSolutionNode = FALSE
	EndGlobalSection
	GlobalSection(ExtensibilityGlobals) = postSolution
		SolutionGuid = {7E5FC5F9-968C-4775-98C4-5B88779C2AC1}
	EndGlobalSection
EndGlobal
