
Microsoft Visual Studio Solution File, Format Version 12.00
# Visual Studio Version 17
VisualStudioVersion = 17.9.34728.123
MinimumVisualStudioVersion = 10.0.40219.1
Project("{FAE04EC0-301F-11D3-BF4B-00C04F79EFBC}") = "Exerc11", "Exerc11.csproj", "{058F5850-7536-46A0-84D7-292B49008295}"
EndProject
Global
	GlobalSection(SolutionConfigurationPlatforms) = preSolution
		Debug|Any CPU = Debug|Any CPU
		Release|Any CPU = Release|Any CPU
	EndGlobalSection
	GlobalSection(ProjectConfigurationPlatforms) = postSolution
		{058F5850-7536-46A0-84D7-292B49008295}.Debug|Any CPU.ActiveCfg = Debug|Any CPU
		{058F5850-7536-46A0-84D7-292B49008295}.Debug|Any CPU.Build.0 = Debug|Any CPU
		{058F5850-7536-46A0-84D7-292B49008295}.Release|Any CPU.ActiveCfg = Release|Any CPU
		{058F5850-7536-46A0-84D7-292B49008295}.Release|Any CPU.Build.0 = Release|Any CPU
	EndGlobalSection
	GlobalSection(SolutionProperties) = preSolution
		HideSolutionNode = FALSE
	EndGlobalSection
	GlobalSection(ExtensibilityGlobals) = postSolution
		SolutionGuid = {EBD7603C-546E-4E44-A225-4C7EB52A220E}
	EndGlobalSection
EndGlobal
