
Microsoft Visual Studio Solution File, Format Version 12.00
# Visual Studio Version 17
VisualStudioVersion = 17.9.34728.123
MinimumVisualStudioVersion = 10.0.40219.1
Project("{FAE04EC0-301F-11D3-BF4B-00C04F79EFBC}") = "Exerc42", "Exerc42.csproj", "{4C129E30-2756-42AF-82F9-89827325DBC8}"
EndProject
Global
	GlobalSection(SolutionConfigurationPlatforms) = preSolution
		Debug|Any CPU = Debug|Any CPU
		Release|Any CPU = Release|Any CPU
	EndGlobalSection
	GlobalSection(ProjectConfigurationPlatforms) = postSolution
		{4C129E30-2756-42AF-82F9-89827325DBC8}.Debug|Any CPU.ActiveCfg = Debug|Any CPU
		{4C129E30-2756-42AF-82F9-89827325DBC8}.Debug|Any CPU.Build.0 = Debug|Any CPU
		{4C129E30-2756-42AF-82F9-89827325DBC8}.Release|Any CPU.ActiveCfg = Release|Any CPU
		{4C129E30-2756-42AF-82F9-89827325DBC8}.Release|Any CPU.Build.0 = Release|Any CPU
	EndGlobalSection
	GlobalSection(SolutionProperties) = preSolution
		HideSolutionNode = FALSE
	EndGlobalSection
	GlobalSection(ExtensibilityGlobals) = postSolution
		SolutionGuid = {7DA0CFC9-736B-4649-9CA1-45EE831F5CBD}
	EndGlobalSection
EndGlobal
